
Microsoft Visual Studio Solution File, Format Version 12.00
# Visual Studio Version 16
VisualStudioVersion = 16.0.28803.352
MinimumVisualStudioVersion = 10.0.40219.1
Project("{8BC9CEB8-8B4A-11D0-8D11-00A0C91BC942}") = "binaryHeap", "binaryHeap\binaryHeap.vcxproj", "{D8DA07E2-3680-46B9-9535-5C6D71FB56EB}"
EndProject
Global
	GlobalSection(SolutionConfigurationPlatforms) = preSolution
		Debug|x64 = Debug|x64
		Debug|x86 = Debug|x86
		Release|x64 = Release|x64
		Release|x86 = Release|x86
	EndGlobalSection
	GlobalSection(ProjectConfigurationPlatforms) = postSolution
		{D8DA07E2-3680-46B9-9535-5C6D71FB56EB}.Debug|x64.ActiveCfg = Debug|x64
		{D8DA07E2-3680-46B9-9535-5C6D71FB56EB}.Debug|x64.Build.0 = Debug|x64
		{D8DA07E2-3680-46B9-9535-5C6D71FB56EB}.Debug|x86.ActiveCfg = Debug|Win32
		{D8DA07E2-3680-46B9-9535-5C6D71FB56EB}.Debug|x86.Build.0 = Debug|Win32
		{D8DA07E2-3680-46B9-9535-5C6D71FB56EB}.Release|x64.ActiveCfg = Release|x64
		{D8DA07E2-3680-46B9-9535-5C6D71FB56EB}.Release|x64.Build.0 = Release|x64
		{D8DA07E2-3680-46B9-9535-5C6D71FB56EB}.Release|x86.ActiveCfg = Release|Win32
		{D8DA07E2-3680-46B9-9535-5C6D71FB56EB}.Release|x86.Build.0 = Release|Win32
	EndGlobalSection
	GlobalSection(SolutionProperties) = preSolution
		HideSolutionNode = FALSE
	EndGlobalSection
	GlobalSection(ExtensibilityGlobals) = postSolution
		SolutionGuid = {EEC1B42D-5E84-4751-9344-C1EBA008707C}
	EndGlobalSection
EndGlobal
